
Microsoft Visual Studio Solution File, Format Version 12.00
# Visual Studio Version 16
VisualStudioVersion = 16.0.30204.135
MinimumVisualStudioVersion = 10.0.40219.1
Project("{FAE04EC0-301F-11D3-BF4B-00C04F79EFBC}") = "WebAPI", "WebAPI\WebAPI.csproj", "{19CE2F98-B8E2-4B74-83AD-A11A0C30753D}"
EndProject
Project("{FAE04EC0-301F-11D3-BF4B-00C04F79EFBC}") = "AebAPITest", "AebAPITest\AebAPITest.csproj", "{8386F8BA-2D70-4119-8ACE-8424553A1AAD}"
EndProject
Global
	GlobalSection(SolutionConfigurationPlatforms) = preSolution
		Debug|Any CPU = Debug|Any CPU
		Release|Any CPU = Release|Any CPU
	EndGlobalSection
	GlobalSection(ProjectConfigurationPlatforms) = postSolution
		{19CE2F98-B8E2-4B74-83AD-A11A0C30753D}.Debug|Any CPU.ActiveCfg = Debug|Any CPU
		{19CE2F98-B8E2-4B74-83AD-A11A0C30753D}.Debug|Any CPU.Build.0 = Debug|Any CPU
		{19CE2F98-B8E2-4B74-83AD-A11A0C30753D}.Release|Any CPU.ActiveCfg = Release|Any CPU
		{19CE2F98-B8E2-4B74-83AD-A11A0C30753D}.Release|Any CPU.Build.0 = Release|Any CPU
		{8386F8BA-2D70-4119-8ACE-8424553A1AAD}.Debug|Any CPU.ActiveCfg = Debug|Any CPU
		{8386F8BA-2D70-4119-8ACE-8424553A1AAD}.Debug|Any CPU.Build.0 = Debug|Any CPU
		{8386F8BA-2D70-4119-8ACE-8424553A1AAD}.Release|Any CPU.ActiveCfg = Release|Any CPU
		{8386F8BA-2D70-4119-8ACE-8424553A1AAD}.Release|Any CPU.Build.0 = Release|Any CPU
	EndGlobalSection
	GlobalSection(SolutionProperties) = preSolution
		HideSolutionNode = FALSE
	EndGlobalSection
	GlobalSection(ExtensibilityGlobals) = postSolution
		SolutionGuid = {30F91267-D588-4458-A184-79DB0DC486B2}
	EndGlobalSection
EndGlobal
